
Microsoft Visual Studio Solution File, Format Version 12.00
# Visual Studio Version 16
VisualStudioVersion = 16.0.30225.117
MinimumVisualStudioVersion = 10.0.40219.1
Project("{FAE04EC0-301F-11D3-BF4B-00C04F79EFBC}") = "Fractions", "Fractions\Fractions.csproj", "{AA06EA75-7252-472F-83BC-5A63EA70BFF8}"
EndProject
Project("{9A19103F-16F7-4668-BE54-9A1E7A4F7556}") = "FractionTesting", "FractionTesting\FractionTesting.csproj", "{80AC6965-4258-428D-A60D-3B43D6FC33A8}"
EndProject
Project("{FAE04EC0-301F-11D3-BF4B-00C04F79EFBC}") = "FractionDemo", "FractionDemo\FractionDemo.csproj", "{52D5D24E-787D-41A3-8F12-79F9C19CA0DE}"
EndProject
Global
	GlobalSection(SolutionConfigurationPlatforms) = preSolution
		Debug|Any CPU = Debug|Any CPU
		Release|Any CPU = Release|Any CPU
	EndGlobalSection
	GlobalSection(ProjectConfigurationPlatforms) = postSolution
		{AA06EA75-7252-472F-83BC-5A63EA70BFF8}.Debug|Any CPU.ActiveCfg = Debug|Any CPU
		{AA06EA75-7252-472F-83BC-5A63EA70BFF8}.Debug|Any CPU.Build.0 = Debug|Any CPU
		{AA06EA75-7252-472F-83BC-5A63EA70BFF8}.Release|Any CPU.ActiveCfg = Release|Any CPU
		{AA06EA75-7252-472F-83BC-5A63EA70BFF8}.Release|Any CPU.Build.0 = Release|Any CPU
		{80AC6965-4258-428D-A60D-3B43D6FC33A8}.Debug|Any CPU.ActiveCfg = Debug|Any CPU
		{80AC6965-4258-428D-A60D-3B43D6FC33A8}.Debug|Any CPU.Build.0 = Debug|Any CPU
		{80AC6965-4258-428D-A60D-3B43D6FC33A8}.Release|Any CPU.ActiveCfg = Release|Any CPU
		{80AC6965-4258-428D-A60D-3B43D6FC33A8}.Release|Any CPU.Build.0 = Release|Any CPU
		{52D5D24E-787D-41A3-8F12-79F9C19CA0DE}.Debug|Any CPU.ActiveCfg = Debug|Any CPU
		{52D5D24E-787D-41A3-8F12-79F9C19CA0DE}.Debug|Any CPU.Build.0 = Debug|Any CPU
		{52D5D24E-787D-41A3-8F12-79F9C19CA0DE}.Release|Any CPU.ActiveCfg = Release|Any CPU
		{52D5D24E-787D-41A3-8F12-79F9C19CA0DE}.Release|Any CPU.Build.0 = Release|Any CPU
	EndGlobalSection
	GlobalSection(SolutionProperties) = preSolution
		HideSolutionNode = FALSE
	EndGlobalSection
	GlobalSection(ExtensibilityGlobals) = postSolution
		SolutionGuid = {9FC46F24-0C01-4FEF-98B1-55E83F64CB48}
	EndGlobalSection
EndGlobal
